
Microsoft Visual Studio Solution File, Format Version 12.00
# Visual Studio Version 16
VisualStudioVersion = 16.0.29503.13
MinimumVisualStudioVersion = 10.0.40219.1
Project("{FAE04EC0-301F-11D3-BF4B-00C04F79EFBC}") = "MoneyWheel", "MoneyWheel.csproj", "{096B17E1-F0E5-49A9-855F-E2EFB6173BC6}"
EndProject
Global
	GlobalSection(SolutionConfigurationPlatforms) = preSolution
		Debug|Any CPU = Debug|Any CPU
		Release|Any CPU = Release|Any CPU
	EndGlobalSection
	GlobalSection(ProjectConfigurationPlatforms) = postSolution
		{096B17E1-F0E5-49A9-855F-E2EFB6173BC6}.Debug|Any CPU.ActiveCfg = Debug|Any CPU
		{096B17E1-F0E5-49A9-855F-E2EFB6173BC6}.Debug|Any CPU.Build.0 = Debug|Any CPU
		{096B17E1-F0E5-49A9-855F-E2EFB6173BC6}.Release|Any CPU.ActiveCfg = Release|Any CPU
		{096B17E1-F0E5-49A9-855F-E2EFB6173BC6}.Release|Any CPU.Build.0 = Release|Any CPU
	EndGlobalSection
	GlobalSection(SolutionProperties) = preSolution
		HideSolutionNode = FALSE
	EndGlobalSection
	GlobalSection(ExtensibilityGlobals) = postSolution
		SolutionGuid = {A4A6CDF7-328C-4870-8EAB-BB2CAE4148E0}
	EndGlobalSection
EndGlobal
